
Microsoft Visual Studio Solution File, Format Version 12.00
# Visual Studio Express 2013 for Web
VisualStudioVersion = 12.0.30723.0
MinimumVisualStudioVersion = 10.0.40219.1
Project("{FAE04EC0-301F-11D3-BF4B-00C04F79EFBC}") = "CS-ASP_040-Suppliment", "CS-ASP_040-Suppliment\CS-ASP_040-Suppliment.csproj", "{04CF4EBA-9396-400E-B51F-0E379FC9F270}"
EndProject
Project("{FAE04EC0-301F-11D3-BF4B-00C04F79EFBC}") = "ACME.Accounting", "ACME.Accounting\ACME.Accounting.csproj", "{DFE504D7-19D3-4483-9CBF-4CAAB5BF2B98}"
EndProject
Project("{FAE04EC0-301F-11D3-BF4B-00C04F79EFBC}") = "ACME.Marketing", "ACME.Marketing\ACME.Marketing.csproj", "{2A53C76F-8751-4D8C-94FD-6928CBF59EF2}"
EndProject
Global
	GlobalSection(SolutionConfigurationPlatforms) = preSolution
		Debug|Any CPU = Debug|Any CPU
		Release|Any CPU = Release|Any CPU
	EndGlobalSection
	GlobalSection(ProjectConfigurationPlatforms) = postSolution
		{04CF4EBA-9396-400E-B51F-0E379FC9F270}.Debug|Any CPU.ActiveCfg = Debug|Any CPU
		{04CF4EBA-9396-400E-B51F-0E379FC9F270}.Debug|Any CPU.Build.0 = Debug|Any CPU
		{04CF4EBA-9396-400E-B51F-0E379FC9F270}.Release|Any CPU.ActiveCfg = Release|Any CPU
		{04CF4EBA-9396-400E-B51F-0E379FC9F270}.Release|Any CPU.Build.0 = Release|Any CPU
		{DFE504D7-19D3-4483-9CBF-4CAAB5BF2B98}.Debug|Any CPU.ActiveCfg = Debug|Any CPU
		{DFE504D7-19D3-4483-9CBF-4CAAB5BF2B98}.Debug|Any CPU.Build.0 = Debug|Any CPU
		{DFE504D7-19D3-4483-9CBF-4CAAB5BF2B98}.Release|Any CPU.ActiveCfg = Release|Any CPU
		{DFE504D7-19D3-4483-9CBF-4CAAB5BF2B98}.Release|Any CPU.Build.0 = Release|Any CPU
		{2A53C76F-8751-4D8C-94FD-6928CBF59EF2}.Debug|Any CPU.ActiveCfg = Debug|Any CPU
		{2A53C76F-8751-4D8C-94FD-6928CBF59EF2}.Debug|Any CPU.Build.0 = Debug|Any CPU
		{2A53C76F-8751-4D8C-94FD-6928CBF59EF2}.Release|Any CPU.ActiveCfg = Release|Any CPU
		{2A53C76F-8751-4D8C-94FD-6928CBF59EF2}.Release|Any CPU.Build.0 = Release|Any CPU
	EndGlobalSection
	GlobalSection(SolutionProperties) = preSolution
		HideSolutionNode = FALSE
	EndGlobalSection
EndGlobal
