
Microsoft Visual Studio Solution File, Format Version 12.00
# Visual Studio 14
VisualStudioVersion = 14.0.25420.1
MinimumVisualStudioVersion = 10.0.40219.1
Project("{FAE04EC0-301F-11D3-BF4B-00C04F79EFBC}") = "LocalDbExample", "LocalDbExample\LocalDbExample.csproj", "{0043E1BB-6DAA-44A0-8ED4-C8200E5A3D86}"
EndProject
Project("{FAE04EC0-301F-11D3-BF4B-00C04F79EFBC}") = "LocalDbExample.Domain", "LocalDbExample.Domain\LocalDbExample.Domain.csproj", "{9208217B-10BB-4C5F-8167-5342B86B3F74}"
EndProject
Project("{FAE04EC0-301F-11D3-BF4B-00C04F79EFBC}") = "LocalDbExample.Persistence", "LocalDbExample.Persistence\LocalDbExample.Persistence.csproj", "{97E4A6BF-C228-4BFD-917F-B1132D8D47DB}"
EndProject
Project("{FAE04EC0-301F-11D3-BF4B-00C04F79EFBC}") = "LocalDbExample.DTO", "LocalDbExample.DTO\LocalDbExample.DTO.csproj", "{20308DBE-2362-488F-96B8-1BCF4E8BAB10}"
EndProject
Global
	GlobalSection(SolutionConfigurationPlatforms) = preSolution
		Debug|Any CPU = Debug|Any CPU
		Release|Any CPU = Release|Any CPU
	EndGlobalSection
	GlobalSection(ProjectConfigurationPlatforms) = postSolution
		{0043E1BB-6DAA-44A0-8ED4-C8200E5A3D86}.Debug|Any CPU.ActiveCfg = Debug|Any CPU
		{0043E1BB-6DAA-44A0-8ED4-C8200E5A3D86}.Debug|Any CPU.Build.0 = Debug|Any CPU
		{0043E1BB-6DAA-44A0-8ED4-C8200E5A3D86}.Release|Any CPU.ActiveCfg = Release|Any CPU
		{0043E1BB-6DAA-44A0-8ED4-C8200E5A3D86}.Release|Any CPU.Build.0 = Release|Any CPU
		{9208217B-10BB-4C5F-8167-5342B86B3F74}.Debug|Any CPU.ActiveCfg = Debug|Any CPU
		{9208217B-10BB-4C5F-8167-5342B86B3F74}.Debug|Any CPU.Build.0 = Debug|Any CPU
		{9208217B-10BB-4C5F-8167-5342B86B3F74}.Release|Any CPU.ActiveCfg = Release|Any CPU
		{9208217B-10BB-4C5F-8167-5342B86B3F74}.Release|Any CPU.Build.0 = Release|Any CPU
		{97E4A6BF-C228-4BFD-917F-B1132D8D47DB}.Debug|Any CPU.ActiveCfg = Debug|Any CPU
		{97E4A6BF-C228-4BFD-917F-B1132D8D47DB}.Debug|Any CPU.Build.0 = Debug|Any CPU
		{97E4A6BF-C228-4BFD-917F-B1132D8D47DB}.Release|Any CPU.ActiveCfg = Release|Any CPU
		{97E4A6BF-C228-4BFD-917F-B1132D8D47DB}.Release|Any CPU.Build.0 = Release|Any CPU
		{20308DBE-2362-488F-96B8-1BCF4E8BAB10}.Debug|Any CPU.ActiveCfg = Debug|Any CPU
		{20308DBE-2362-488F-96B8-1BCF4E8BAB10}.Debug|Any CPU.Build.0 = Debug|Any CPU
		{20308DBE-2362-488F-96B8-1BCF4E8BAB10}.Release|Any CPU.ActiveCfg = Release|Any CPU
		{20308DBE-2362-488F-96B8-1BCF4E8BAB10}.Release|Any CPU.Build.0 = Release|Any CPU
	EndGlobalSection
	GlobalSection(SolutionProperties) = preSolution
		HideSolutionNode = FALSE
	EndGlobalSection
EndGlobal
